
Microsoft Visual Studio Solution File, Format Version 12.00
# Visual Studio Version 16
VisualStudioVersion = 16.0.30330.147
MinimumVisualStudioVersion = 10.0.40219.1
Project("{FAE04EC0-301F-11D3-BF4B-00C04F79EFBC}") = "CrmposZamanlıKurGüncelleme", "CrmposZamanlıKurGüncelleme\CrmposZamanlıKurGüncelleme.csproj", "{93D00483-015B-4506-A379-DCBE993CACC5}"
EndProject
Global
	GlobalSection(SolutionConfigurationPlatforms) = preSolution
		Debug|Any CPU = Debug|Any CPU
		Release|Any CPU = Release|Any CPU
	EndGlobalSection
	GlobalSection(ProjectConfigurationPlatforms) = postSolution
		{93D00483-015B-4506-A379-DCBE993CACC5}.Debug|Any CPU.ActiveCfg = Debug|Any CPU
		{93D00483-015B-4506-A379-DCBE993CACC5}.Debug|Any CPU.Build.0 = Debug|Any CPU
		{93D00483-015B-4506-A379-DCBE993CACC5}.Release|Any CPU.ActiveCfg = Release|Any CPU
		{93D00483-015B-4506-A379-DCBE993CACC5}.Release|Any CPU.Build.0 = Release|Any CPU
	EndGlobalSection
	GlobalSection(SolutionProperties) = preSolution
		HideSolutionNode = FALSE
	EndGlobalSection
	GlobalSection(ExtensibilityGlobals) = postSolution
		SolutionGuid = {C89BFEAA-D9DC-4AB8-AAFC-5E0F9D28EE49}
	EndGlobalSection
EndGlobal
